DEPENDENCIES
  base-server
    git: git@github.com:opengovfoundation/cookbook-base-server.git
    revision: 5246a2f0cacc0d92d2de2fe204b85930fecbcf86
  lamp-server
    git: git@github.com:opengovfoundation/cookbook-lamp-server.git
    revision: 9a197aa6d00131c68e4f0e24718880df32f51481
  madison-server
    git: git@github.com:opengovfoundation/cookbook-madison-server.git
    revision: 6ffa9afe385b4ead08bbb46d692156306affdf3a
  opengov-users
    git: git@github.com:opengovfoundation/cookbook-users.git
    revision: 2bc1f42d94600a1af971a0af4749f85e5798a70d
  php
    git: git@github.com:opengovfoundation/cookbook-php.git
    revision: f3ccae7bb3b0026cfc3b6065565b31255e76f144

GRAPH
  apache2 (3.2.2)
  apt (4.0.2)
    compat_resource (>= 12.10)
  ark (1.2.0)
    build-essential (>= 0.0.0)
    seven_zip (>= 0.0.0)
    windows (>= 0.0.0)
  base-server (0.1.3)
    apt (>= 0.0.0)
    chef-client (>= 0.0.0)
    chef-vault (>= 0.0.0)
    git (>= 0.0.0)
    opengov-users (= 0.1.8)
  build-essential (6.0.4)
    compat_resource (>= 12.10)
    mingw (>= 1.1)
    seven_zip (>= 0.0.0)
  ca-certificates (0.1.3)
  chef-client (5.0.0)
    cron (>= 1.7.0)
    logrotate (>= 1.9.0)
    windows (>= 1.42.0)
  chef-sugar (3.4.0)
  chef-vault (1.3.3)
  chef_gem (0.1.0)
  chef_handler (1.4.0)
  compat_resource (12.10.7)
  composer (2.3.0)
    php (>= 0.0.0)
    windows (>= 0.0.0)
  cron (1.7.6)
  database (5.1.2)
    postgresql (>= 1.0.0)
  dmg (2.4.0)
  git (4.6.0)
    build-essential (>= 0.0.0)
    dmg (>= 0.0.0)
    windows (>= 0.0.0)
    yum-epel (>= 0.0.0)
  homebrew (2.1.0)
    build-essential (>= 2.1.2)
  iis (4.2.0)
    windows (>= 1.34.6)
  java (1.42.0)
    apt (>= 0.0.0)
    homebrew (>= 0.0.0)
    windows (>= 0.0.0)
  lamp-server (0.1.28)
    apache2 (>= 0.0.0)
    base-server (= 0.1.3)
    ca-certificates (>= 0.0.0)
    chef-vault (>= 0.0.0)
    database (>= 0.0.0)
    git (>= 0.0.0)
    letsencrypt (>= 0.0.0)
    mariadb (>= 0.0.0)
    mysql2_chef_gem (>= 0.0.0)
    nodejs (>= 0.0.0)
    php (>= 0.0.0)
    postfix (>= 0.0.0)
    rvm (>= 0.0.0)
    supervisor (>= 0.0.0)
  letsencrypt (1.0.3)
  logrotate (2.1.0)
    compat_resource (>= 0.0.0)
  madison-server (0.1.27)
    composer (>= 0.0.0)
    git (>= 0.0.0)
    lamp-server (= 0.1.28)
    opengov-users (= 0.1.8)
  mariadb (0.3.1)
    apt (>= 0.0.0)
    yum (>= 0.0.0)
    yum-epel (>= 0.0.0)
  mingw (1.2.4)
    compat_resource (>= 0.0.0)
    seven_zip (>= 0.0.0)
  mysql (8.0.1)
  mysql2_chef_gem (1.1.0)
    build-essential (>= 0.0.0)
    mariadb (>= 0.0.0)
    mysql (>= 6.0)
  nodejs (2.4.4)
    apt (>= 0.0.0)
    ark (>= 0.0.0)
    build-essential (>= 0.0.0)
    homebrew (>= 0.0.0)
    yum-epel (>= 0.0.0)
  opengov-users (0.1.8)
    chef-vault (>= 0.0.0)
    sudo (>= 0.0.0)
  openssl (4.4.0)
    chef-sugar (>= 3.1.1)
  php (1.9.1)
    build-essential (>= 0.0.0)
    iis (>= 0.0.0)
    windows (>= 1.39.1)
    xml (>= 0.0.0)
    yum-epel (>= 0.0.0)
  postfix (3.8.0)
  postgresql (4.0.6)
    apt (>= 1.9.0)
    build-essential (>= 0.0.0)
    openssl (~> 4.0)
  python (1.4.6)
    build-essential (>= 0.0.0)
    yum-epel (>= 0.0.0)
  rvm (0.9.4)
    chef_gem (>= 0.0.0)
    java (>= 0.0.0)
  seven_zip (2.0.1)
    windows (>= 1.2.2)
  sudo (2.11.0)
  supervisor (0.4.12)
    python (>= 0.0.0)
  windows (1.44.3)
    chef_handler (>= 0.0.0)
  xml (2.0.0)
    build-essential (>= 0.0.0)
    chef-sugar (>= 0.0.0)
  yum (3.11.0)
  yum-epel (0.7.1)
    yum (>= 3.6.3)
