DEPENDENCIES
  base-server
    git: git@github.com:opengovfoundation/cookbook-base-server.git
    revision: bc87b5842863f05232def0be3598b828a6227e88
  lamp-server
    git: git@github.com:opengovfoundation/cookbook-lamp-server.git
    revision: cd51f808713b4ebc68c7738c934724d73a0c928e
  madison-server
    git: git@github.com:opengovfoundation/cookbook-madison-server.git
    revision: d45a61d572e0a65448c770daa0dbf0fb422b9b1d
  opengov-users
    git: git@github.com:opengovfoundation/cookbook-users.git
    revision: ae3a584aac3380d7d562fd1f39c0dbff93d0e73c
  php
    git: git@github.com:opengovfoundation/cookbook-php.git
    revision: f3ccae7bb3b0026cfc3b6065565b31255e76f144

GRAPH
  apache2 (3.2.2)
  apt (4.0.1)
    compat_resource (>= 12.10)
  ark (1.2.0)
    build-essential (>= 0.0.0)
    seven_zip (>= 0.0.0)
    windows (>= 0.0.0)
  base-server (0.1.1)
    apt (>= 0.0.0)
    chef-vault (>= 0.0.0)
    git (>= 0.0.0)
    opengov-users (>= 0.0.0)
  build-essential (6.0.0)
    compat_resource (>= 12.10)
    mingw (>= 1.1)
    seven_zip (>= 0.0.0)
  ca-certificates (0.1.3)
  chef-client (4.6.0)
    cron (>= 1.7.0)
    logrotate (>= 1.9.0)
    windows (>= 1.42.0)
  chef-sugar (3.3.0)
  chef-vault (1.3.3)
  chef_gem (0.1.0)
  chef_handler (1.4.0)
  compat_resource (12.10.6)
  composer (2.3.0)
    php (>= 0.0.0)
    windows (>= 0.0.0)
  cron (1.7.6)
  database (5.1.2)
    postgresql (>= 1.0.0)
  dmg (2.4.0)
  git (4.6.0)
    build-essential (>= 0.0.0)
    dmg (>= 0.0.0)
    windows (>= 0.0.0)
    yum-epel (>= 0.0.0)
  homebrew (2.1.0)
    build-essential (>= 2.1.2)
  iis (4.1.10)
    windows (>= 1.34.6)
  java (1.40.1)
    apt (>= 0.0.0)
    windows (>= 0.0.0)
  lamp-server (0.1.17)
    apache2 (>= 0.0.0)
    base-server (>= 0.0.0)
    ca-certificates (>= 0.0.0)
    chef-vault (>= 0.0.0)
    database (>= 0.0.0)
    git (>= 0.0.0)
    letsencrypt (>= 0.0.0)
    mariadb (>= 0.0.0)
    mysql2_chef_gem (>= 0.0.0)
    nodejs (>= 0.0.0)
    php (>= 0.0.0)
    rvm (>= 0.0.0)
  letsencrypt (1.0.1)
  logrotate (1.9.2)
  madison-server (0.1.23)
    chef-client (>= 0.0.0)
    composer (>= 0.0.0)
    git (>= 0.0.0)
    lamp-server (>= 0.0.0)
    opengov-users (>= 0.0.0)
  mariadb (0.3.1)
    apt (>= 0.0.0)
    yum (>= 0.0.0)
    yum-epel (>= 0.0.0)
  mingw (1.2.2)
    compat_resource (>= 0.0.0)
    seven_zip (>= 0.0.0)
  mysql (7.2.0)
    smf (>= 0.0.0)
    yum-mysql-community (>= 0.0.0)
  mysql2_chef_gem (1.1.0)
    build-essential (>= 0.0.0)
    mariadb (>= 0.0.0)
    mysql (>= 6.0)
  nodejs (2.4.4)
    apt (>= 0.0.0)
    ark (>= 0.0.0)
    build-essential (>= 0.0.0)
    homebrew (>= 0.0.0)
    yum-epel (>= 0.0.0)
  opengov-users (0.1.7)
    chef-vault (>= 0.0.0)
    sudo (>= 0.0.0)
  openssl (4.4.0)
    chef-sugar (>= 3.1.1)
  php (1.9.1)
    build-essential (>= 0.0.0)
    iis (>= 0.0.0)
    windows (>= 1.39.1)
    xml (>= 0.0.0)
    yum-epel (>= 0.0.0)
  postgresql (4.0.6)
    apt (>= 1.9.0)
    build-essential (>= 0.0.0)
    openssl (~> 4.0)
  rbac (1.0.3)
  rvm (0.9.4)
    chef_gem (>= 0.0.0)
    java (>= 0.0.0)
  seven_zip (2.0.1)
    windows (>= 1.2.2)
  smf (2.2.8)
    rbac (>= 1.0.1)
  sudo (2.9.0)
  windows (1.44.1)
    chef_handler (>= 0.0.0)
  xml (2.0.0)
    build-essential (>= 0.0.0)
    chef-sugar (>= 0.0.0)
  yum (3.11.0)
  yum-epel (0.7.0)
    yum (>= 3.6.3)
  yum-mysql-community (0.2.0)
    yum (>= 3.2)
